
Microsoft Visual Studio Solution File, Format Version 12.00
# Visual Studio 15
VisualStudioVersion = 15.0.28307.168
MinimumVisualStudioVersion = 10.0.40219.1
Project("{FAE04EC0-301F-11D3-BF4B-00C04F79EFBC}") = "ClipboardImageCollector", "ClipboardImageCollector\ClipboardImageCollector.csproj", "{64C78FDF-2B0B-4EA9-8FD6-B7BB2569AB62}"
EndProject
Global
	GlobalSection(SolutionConfigurationPlatforms) = preSolution
		Debug|Any CPU = Debug|Any CPU
		Release|Any CPU = Release|Any CPU
	EndGlobalSection
	GlobalSection(ProjectConfigurationPlatforms) = postSolution
		{64C78FDF-2B0B-4EA9-8FD6-B7BB2569AB62}.Debug|Any CPU.ActiveCfg = Debug|Any CPU
		{64C78FDF-2B0B-4EA9-8FD6-B7BB2569AB62}.Debug|Any CPU.Build.0 = Debug|Any CPU
		{64C78FDF-2B0B-4EA9-8FD6-B7BB2569AB62}.Release|Any CPU.ActiveCfg = Release|Any CPU
		{64C78FDF-2B0B-4EA9-8FD6-B7BB2569AB62}.Release|Any CPU.Build.0 = Release|Any CPU
	EndGlobalSection
	GlobalSection(SolutionProperties) = preSolution
		HideSolutionNode = FALSE
	EndGlobalSection
	GlobalSection(ExtensibilityGlobals) = postSolution
		SolutionGuid = {F3EB92FA-E78C-4D37-84C5-EB6A52B36F70}
	EndGlobalSection
EndGlobal
